{
  "originHash" : "3a9014a661e260961ca99e3d7ed8c075ce7c3207fcfee67c159c5fd0a8292e5d",
  "pins" : [
    {
      "identity" : "nuke",
      "kind" : "remoteSourceControl",
      "location" : "https://github.com/kean/Nuke.git",
      "state" : {
        "revision" : "78fa963b8491fc520791d8c2a509f1b8593d8aae",
        "version" : "10.7.1"
      }
    }
  ],
  "version" : 3
}
